// !$*UTF8*$!
{
	archiveVersion = 1;
	classes = {
	};
	objectVersion = 50;
	objects = {

/* Begin PBXBuildFile section */
		5F2A5DDC24714096001EA2F5 /* AppDelegate.swift in Sources */ = {isa = PBXBuildFile; fileRef = 5F2A5DDB24714096001EA2F5 /* AppDelegate.swift */; };
		5F2A5DDE24714096001EA2F5 /* SceneDelegate.swift in Sources */ = {isa = PBXBuildFile; fileRef = 5F2A5DDD24714096001EA2F5 /* SceneDelegate.swift */; };
		5F2A5DE024714096001EA2F5 /* ViewController.swift in Sources */ = {isa = PBXBuildFile; fileRef = 5F2A5DDF24714096001EA2F5 /* ViewController.swift */; };
		5F2A5DE324714096001EA2F5 /* Main.storyboard in Resources */ = {isa = PBXBuildFile; fileRef = 5F2A5DE124714096001EA2F5 /* Main.storyboard */; };
		5F2A5DE624714096001EA2F5 /* XRates.xcdatamodeld in Sources */ = {isa = PBXBuildFile; fileRef = 5F2A5DE424714096001EA2F5 /* XRates.xcdatamodeld */; };
		5F2A5DE824714097001EA2F5 /* Assets.xcassets in Resources */ = {isa = PBXBuildFile; fileRef = 5F2A5DE724714097001EA2F5 /* Assets.xcassets */; };
		5F2A5DEB24714097001EA2F5 /* LaunchScreen.storyboard in Resources */ = {isa = PBXBuildFile; fileRef = 5F2A5DE924714097001EA2F5 /* LaunchScreen.storyboard */; };
		5F2A5DF624714097001EA2F5 /* XRatesTests.swift in Sources */ = {isa = PBXBuildFile; fileRef = 5F2A5DF524714097001EA2F5 /* XRatesTests.swift */; };
		5F2A5E0124714097001EA2F5 /* XRatesUITests.swift in Sources */ = {isa = PBXBuildFile; fileRef = 5F2A5E0024714097001EA2F5 /* XRatesUITests.swift */; };
		5F2A5E122471462B001EA2F5 /* Rate.swift in Sources */ = {isa = PBXBuildFile; fileRef = 5F2A5E112471462B001EA2F5 /* Rate.swift */; };
		5F2A5E142471463C001EA2F5 /* Currency.swift in Sources */ = {isa = PBXBuildFile; fileRef = 5F2A5E132471463C001EA2F5 /* Currency.swift */; };
		5F2A5E1724714663001EA2F5 /* Date.swift in Sources */ = {isa = PBXBuildFile; fileRef = 5F2A5E1624714663001EA2F5 /* Date.swift */; };
		5F2A5E19247146D9001EA2F5 /* JSON.swift in Sources */ = {isa = PBXBuildFile; fileRef = 5F2A5E18247146D9001EA2F5 /* JSON.swift */; };
		5F2A5E1C24714803001EA2F5 /* RateCell.swift in Sources */ = {isa = PBXBuildFile; fileRef = 5F2A5E1A24714803001EA2F5 /* RateCell.swift */; };
		5F2A5E1D24714803001EA2F5 /* RateCell.xib in Resources */ = {isa = PBXBuildFile; fileRef = 5F2A5E1B24714803001EA2F5 /* RateCell.xib */; };
		5F2A5E2024714C10001EA2F5 /* GetRates.swift in Sources */ = {isa = PBXBuildFile; fileRef = 5F2A5E1F24714C10001EA2F5 /* GetRates.swift */; };
		5F2A5E222471515C001EA2F5 /* Color.swift in Sources */ = {isa = PBXBuildFile; fileRef = 5F2A5E212471515C001EA2F5 /* Color.swift */; };
		5F2A5E24247169A6001EA2F5 /* RequestParams.swift in Sources */ = {isa = PBXBuildFile; fileRef = 5F2A5E23247169A6001EA2F5 /* RequestParams.swift */; };
		5F2A5E2A247175B9001EA2F5 /* AddCurrencyController.swift in Sources */ = {isa = PBXBuildFile; fileRef = 5F2A5E29247175B9001EA2F5 /* AddCurrencyController.swift */; };
		5F2A5E2F24717AF8001EA2F5 /* CheckableRateCell.swift in Sources */ = {isa = PBXBuildFile; fileRef = 5F2A5E2D24717AF8001EA2F5 /* CheckableRateCell.swift */; };
		5F2A5E3024717AF8001EA2F5 /* CheckableRateCell.xib in Resources */ = {isa = PBXBuildFile; fileRef = 5F2A5E2E24717AF8001EA2F5 /* CheckableRateCell.xib */; };
		5F2A5E3224718668001EA2F5 /* DetailsController.swift in Sources */ = {isa = PBXBuildFile; fileRef = 5F2A5E3124718668001EA2F5 /* DetailsController.swift */; };
/* End PBXBuildFile section */

/* Begin PBXContainerItemProxy section */
		5F2A5DF224714097001EA2F5 /* PBXContainerItemProxy */ = {
			isa = PBXContainerItemProxy;
			containerPortal = 5F2A5DD024714096001EA2F5 /* Project object */;
			proxyType = 1;
			remoteGlobalIDString = 5F2A5DD724714096001EA2F5;
			remoteInfo = XRates;
		};
		5F2A5DFD24714097001EA2F5 /* PBXContainerItemProxy */ = {
			isa = PBXContainerItemProxy;
			containerPortal = 5F2A5DD024714096001EA2F5 /* Project object */;
			proxyType = 1;
			remoteGlobalIDString = 5F2A5DD724714096001EA2F5;
			remoteInfo = XRates;
		};
/* End PBXContainerItemProxy section */

/* Begin PBXFileReference section */
		5F2A5DD824714096001EA2F5 /* XRates.app */ = {isa = PBXFileReference; explicitFileType = wrapper.application; includeInIndex = 0; path = XRates.app; sourceTree = BUILT_PRODUCTS_DIR; };
		5F2A5DDB24714096001EA2F5 /* AppDelegate.swift */ = {isa = PBXFileReference; lastKnownFileType = sourcecode.swift; path = AppDelegate.swift; sourceTree = "<group>"; };
		5F2A5DDD24714096001EA2F5 /* SceneDelegate.swift */ = {isa = PBXFileReference; lastKnownFileType = sourcecode.swift; path = SceneDelegate.swift; sourceTree = "<group>"; };
		5F2A5DDF24714096001EA2F5 /* ViewController.swift */ = {isa = PBXFileReference; lastKnownFileType = sourcecode.swift; path = ViewController.swift; sourceTree = "<group>"; };
		5F2A5DE224714096001EA2F5 /* Base */ = {isa = PBXFileReference; lastKnownFileType = file.storyboard; name = Base; path = Base.lproj/Main.storyboard; sourceTree = "<group>"; };
		5F2A5DE524714096001EA2F5 /* XRates.xcdatamodel */ = {isa = PBXFileReference; lastKnownFileType = wrapper.xcdatamodel; path = XRates.xcdatamodel; sourceTree = "<group>"; };
		5F2A5DE724714097001EA2F5 /* Assets.xcassets */ = {isa = PBXFileReference; lastKnownFileType = folder.assetcatalog; path = Assets.xcassets; sourceTree = "<group>"; };
		5F2A5DEA24714097001EA2F5 /* Base */ = {isa = PBXFileReference; lastKnownFileType = file.storyboard; name = Base; path = Base.lproj/LaunchScreen.storyboard; sourceTree = "<group>"; };
		5F2A5DEC24714097001EA2F5 /* Info.plist */ = {isa = PBXFileReference; lastKnownFileType = text.plist.xml; path = Info.plist; sourceTree = "<group>"; };
		5F2A5DF124714097001EA2F5 /* XRatesTests.xctest */ = {isa = PBXFileReference; explicitFileType = wrapper.cfbundle; includeInIndex = 0; path = XRatesTests.xctest; sourceTree = BUILT_PRODUCTS_DIR; };
		5F2A5DF524714097001EA2F5 /* XRatesTests.swift */ = {isa = PBXFileReference; lastKnownFileType = sourcecode.swift; path = XRatesTests.swift; sourceTree = "<group>"; };
		5F2A5DF724714097001EA2F5 /* Info.plist */ = {isa = PBXFileReference; lastKnownFileType = text.plist.xml; path = Info.plist; sourceTree = "<group>"; };
		5F2A5DFC24714097001EA2F5 /* XRatesUITests.xctest */ = {isa = PBXFileReference; explicitFileType = wrapper.cfbundle; includeInIndex = 0; path = XRatesUITests.xctest; sourceTree = BUILT_PRODUCTS_DIR; };
		5F2A5E0024714097001EA2F5 /* XRatesUITests.swift */ = {isa = PBXFileReference; lastKnownFileType = sourcecode.swift; path = XRatesUITests.swift; sourceTree = "<group>"; };
		5F2A5E0224714097001EA2F5 /* Info.plist */ = {isa = PBXFileReference; lastKnownFileType = text.plist.xml; path = Info.plist; sourceTree = "<group>"; };
		5F2A5E112471462B001EA2F5 /* Rate.swift */ = {isa = PBXFileReference; lastKnownFileType = sourcecode.swift; path = Rate.swift; sourceTree = "<group>"; };
		5F2A5E132471463C001EA2F5 /* Currency.swift */ = {isa = PBXFileReference; lastKnownFileType = sourcecode.swift; path = Currency.swift; sourceTree = "<group>"; };
		5F2A5E1624714663001EA2F5 /* Date.swift */ = {isa = PBXFileReference; lastKnownFileType = sourcecode.swift; path = Date.swift; sourceTree = "<group>"; };
		5F2A5E18247146D9001EA2F5 /* JSON.swift */ = {isa = PBXFileReference; lastKnownFileType = sourcecode.swift; path = JSON.swift; sourceTree = "<group>"; };
		5F2A5E1A24714803001EA2F5 /* RateCell.swift */ = {isa = PBXFileReference; lastKnownFileType = sourcecode.swift; path = RateCell.swift; sourceTree = "<group>"; };
		5F2A5E1B24714803001EA2F5 /* RateCell.xib */ = {isa = PBXFileReference; lastKnownFileType = file.xib; path = RateCell.xib; sourceTree = "<group>"; };
		5F2A5E1F24714C10001EA2F5 /* GetRates.swift */ = {isa = PBXFileReference; lastKnownFileType = sourcecode.swift; path = GetRates.swift; sourceTree = "<group>"; };
		5F2A5E212471515C001EA2F5 /* Color.swift */ = {isa = PBXFileReference; lastKnownFileType = sourcecode.swift; path = Color.swift; sourceTree = "<group>"; };
		5F2A5E23247169A6001EA2F5 /* RequestParams.swift */ = {isa = PBXFileReference; lastKnownFileType = sourcecode.swift; path = RequestParams.swift; sourceTree = "<group>"; };
		5F2A5E29247175B9001EA2F5 /* AddCurrencyController.swift */ = {isa = PBXFileReference; lastKnownFileType = sourcecode.swift; path = AddCurrencyController.swift; sourceTree = "<group>"; };
		5F2A5E2D24717AF8001EA2F5 /* CheckableRateCell.swift */ = {isa = PBXFileReference; lastKnownFileType = sourcecode.swift; path = CheckableRateCell.swift; sourceTree = "<group>"; };
		5F2A5E2E24717AF8001EA2F5 /* CheckableRateCell.xib */ = {isa = PBXFileReference; lastKnownFileType = file.xib; path = CheckableRateCell.xib; sourceTree = "<group>"; };
		5F2A5E3124718668001EA2F5 /* DetailsController.swift */ = {isa = PBXFileReference; lastKnownFileType = sourcecode.swift; path = DetailsController.swift; sourceTree = "<group>"; };
/* End PBXFileReference section */

/* Begin PBXFrameworksBuildPhase section */
		5F2A5DD524714096001EA2F5 /* Frameworks */ = {
			isa = PBXFrameworksBuildPhase;
			buildActionMask = 2147483647;
			files = (
			);
			runOnlyForDeploymentPostprocessing = 0;
		};
		5F2A5DEE24714097001EA2F5 /* Frameworks */ = {
			isa = PBXFrameworksBuildPhase;
			buildActionMask = 2147483647;
			files = (
			);
			runOnlyForDeploymentPostprocessing = 0;
		};
		5F2A5DF924714097001EA2F5 /* Frameworks */ = {
			isa = PBXFrameworksBuildPhase;
			buildActionMask = 2147483647;
			files = (
			);
			runOnlyForDeploymentPostprocessing = 0;
		};
/* End PBXFrameworksBuildPhase section */

/* Begin PBXGroup section */
		5F2A5DCF24714096001EA2F5 = {
			isa = PBXGroup;
			children = (
				5F2A5DDA24714096001EA2F5 /* XRates */,
				5F2A5DF424714097001EA2F5 /* XRatesTests */,
				5F2A5DFF24714097001EA2F5 /* XRatesUITests */,
				5F2A5DD924714096001EA2F5 /* Products */,
			);
			sourceTree = "<group>";
		};
		5F2A5DD924714096001EA2F5 /* Products */ = {
			isa = PBXGroup;
			children = (
				5F2A5DD824714096001EA2F5 /* XRates.app */,
				5F2A5DF124714097001EA2F5 /* XRatesTests.xctest */,
				5F2A5DFC24714097001EA2F5 /* XRatesUITests.xctest */,
			);
			name = Products;
			sourceTree = "<group>";
		};
		5F2A5DDA24714096001EA2F5 /* XRates */ = {
			isa = PBXGroup;
			children = (
				5F2A5DDB24714096001EA2F5 /* AppDelegate.swift */,
				5F2A5DDD24714096001EA2F5 /* SceneDelegate.swift */,
				5F2A5E1E24714BEB001EA2F5 /* Services */,
				5F2A5E152471465A001EA2F5 /* Lib */,
				5F2A5E1024714601001EA2F5 /* Models */,
				5F2A5E0E247145E9001EA2F5 /* Controllers */,
				5F2A5E0F247145F2001EA2F5 /* Views */,
				5F2A5DEC24714097001EA2F5 /* Info.plist */,
				5F2A5DE724714097001EA2F5 /* Assets.xcassets */,
				5F2A5DE424714096001EA2F5 /* XRates.xcdatamodeld */,
			);
			path = XRates;
			sourceTree = "<group>";
		};
		5F2A5DF424714097001EA2F5 /* XRatesTests */ = {
			isa = PBXGroup;
			children = (
				5F2A5DF524714097001EA2F5 /* XRatesTests.swift */,
				5F2A5DF724714097001EA2F5 /* Info.plist */,
			);
			path = XRatesTests;
			sourceTree = "<group>";
		};
		5F2A5DFF24714097001EA2F5 /* XRatesUITests */ = {
			isa = PBXGroup;
			children = (
				5F2A5E0024714097001EA2F5 /* XRatesUITests.swift */,
				5F2A5E0224714097001EA2F5 /* Info.plist */,
			);
			path = XRatesUITests;
			sourceTree = "<group>";
		};
		5F2A5E0E247145E9001EA2F5 /* Controllers */ = {
			isa = PBXGroup;
			children = (
				5F2A5E1A24714803001EA2F5 /* RateCell.swift */,
				5F2A5DDF24714096001EA2F5 /* ViewController.swift */,
				5F2A5E29247175B9001EA2F5 /* AddCurrencyController.swift */,
				5F2A5E2D24717AF8001EA2F5 /* CheckableRateCell.swift */,
				5F2A5E3124718668001EA2F5 /* DetailsController.swift */,
			);
			path = Controllers;
			sourceTree = "<group>";
		};
		5F2A5E0F247145F2001EA2F5 /* Views */ = {
			isa = PBXGroup;
			children = (
				5F2A5DE124714096001EA2F5 /* Main.storyboard */,
				5F2A5E1B24714803001EA2F5 /* RateCell.xib */,
				5F2A5E2E24717AF8001EA2F5 /* CheckableRateCell.xib */,
				5F2A5DE924714097001EA2F5 /* LaunchScreen.storyboard */,
			);
			path = Views;
			sourceTree = "<group>";
		};
		5F2A5E1024714601001EA2F5 /* Models */ = {
			isa = PBXGroup;
			children = (
				5F2A5E112471462B001EA2F5 /* Rate.swift */,
				5F2A5E132471463C001EA2F5 /* Currency.swift */,
			);
			path = Models;
			sourceTree = "<group>";
		};
		5F2A5E152471465A001EA2F5 /* Lib */ = {
			isa = PBXGroup;
			children = (
				5F2A5E1624714663001EA2F5 /* Date.swift */,
				5F2A5E18247146D9001EA2F5 /* JSON.swift */,
				5F2A5E212471515C001EA2F5 /* Color.swift */,
				5F2A5E23247169A6001EA2F5 /* RequestParams.swift */,
			);
			path = Lib;
			sourceTree = "<group>";
		};
		5F2A5E1E24714BEB001EA2F5 /* Services */ = {
			isa = PBXGroup;
			children = (
				5F2A5E1F24714C10001EA2F5 /* GetRates.swift */,
			);
			path = Services;
			sourceTree = "<group>";
		};
/* End PBXGroup section */

/* Begin PBXNativeTarget section */
		5F2A5DD724714096001EA2F5 /* XRates */ = {
			isa = PBXNativeTarget;
			buildConfigurationList = 5F2A5E0524714097001EA2F5 /* Build configuration list for PBXNativeTarget "XRates" */;
			buildPhases = (
				5F2A5DD424714096001EA2F5 /* Sources */,
				5F2A5DD524714096001EA2F5 /* Frameworks */,
				5F2A5DD624714096001EA2F5 /* Resources */,
			);
			buildRules = (
			);
			dependencies = (
			);
			name = XRates;
			productName = XRates;
			productReference = 5F2A5DD824714096001EA2F5 /* XRates.app */;
			productType = "com.apple.product-type.application";
		};
		5F2A5DF024714097001EA2F5 /* XRatesTests */ = {
			isa = PBXNativeTarget;
			buildConfigurationList = 5F2A5E0824714097001EA2F5 /* Build configuration list for PBXNativeTarget "XRatesTests" */;
			buildPhases = (
				5F2A5DED24714097001EA2F5 /* Sources */,
				5F2A5DEE24714097001EA2F5 /* Frameworks */,
				5F2A5DEF24714097001EA2F5 /* Resources */,
			);
			buildRules = (
			);
			dependencies = (
				5F2A5DF324714097001EA2F5 /* PBXTargetDependency */,
			);
			name = XRatesTests;
			productName = XRatesTests;
			productReference = 5F2A5DF124714097001EA2F5 /* XRatesTests.xctest */;
			productType = "com.apple.product-type.bundle.unit-test";
		};
		5F2A5DFB24714097001EA2F5 /* XRatesUITests */ = {
			isa = PBXNativeTarget;
			buildConfigurationList = 5F2A5E0B24714097001EA2F5 /* Build configuration list for PBXNativeTarget "XRatesUITests" */;
			buildPhases = (
				5F2A5DF824714097001EA2F5 /* Sources */,
				5F2A5DF924714097001EA2F5 /* Frameworks */,
				5F2A5DFA24714097001EA2F5 /* Resources */,
			);
			buildRules = (
			);
			dependencies = (
				5F2A5DFE24714097001EA2F5 /* PBXTargetDependency */,
			);
			name = XRatesUITests;
			productName = XRatesUITests;
			productReference = 5F2A5DFC24714097001EA2F5 /* XRatesUITests.xctest */;
			productType = "com.apple.product-type.bundle.ui-testing";
		};
/* End PBXNativeTarget section */

/* Begin PBXProject section */
		5F2A5DD024714096001EA2F5 /* Project object */ = {
			isa = PBXProject;
			attributes = {
				LastSwiftUpdateCheck = 1140;
				LastUpgradeCheck = 1140;
				ORGANIZATIONNAME = nulldef;
				TargetAttributes = {
					5F2A5DD724714096001EA2F5 = {
						CreatedOnToolsVersion = 11.4.1;
					};
					5F2A5DF024714097001EA2F5 = {
						CreatedOnToolsVersion = 11.4.1;
						TestTargetID = 5F2A5DD724714096001EA2F5;
					};
					5F2A5DFB24714097001EA2F5 = {
						CreatedOnToolsVersion = 11.4.1;
						TestTargetID = 5F2A5DD724714096001EA2F5;
					};
				};
			};
			buildConfigurationList = 5F2A5DD324714096001EA2F5 /* Build configuration list for PBXProject "XRates" */;
			compatibilityVersion = "Xcode 9.3";
			developmentRegion = en;
			hasScannedForEncodings = 0;
			knownRegions = (
				en,
				Base,
			);
			mainGroup = 5F2A5DCF24714096001EA2F5;
			productRefGroup = 5F2A5DD924714096001EA2F5 /* Products */;
			projectDirPath = "";
			projectRoot = "";
			targets = (
				5F2A5DD724714096001EA2F5 /* XRates */,
				5F2A5DF024714097001EA2F5 /* XRatesTests */,
				5F2A5DFB24714097001EA2F5 /* XRatesUITests */,
			);
		};
/* End PBXProject section */

/* Begin PBXResourcesBuildPhase section */
		5F2A5DD624714096001EA2F5 /* Resources */ = {
			isa = PBXResourcesBuildPhase;
			buildActionMask = 2147483647;
			files = (
				5F2A5DEB24714097001EA2F5 /* LaunchScreen.storyboard in Resources */,
				5F2A5E3024717AF8001EA2F5 /* CheckableRateCell.xib in Resources */,
				5F2A5E1D24714803001EA2F5 /* RateCell.xib in Resources */,
				5F2A5DE824714097001EA2F5 /* Assets.xcassets in Resources */,
				5F2A5DE324714096001EA2F5 /* Main.storyboard in Resources */,
			);
			runOnlyForDeploymentPostprocessing = 0;
		};
		5F2A5DEF24714097001EA2F5 /* Resources */ = {
			isa = PBXResourcesBuildPhase;
			buildActionMask = 2147483647;
			files = (
			);
			runOnlyForDeploymentPostprocessing = 0;
		};
		5F2A5DFA24714097001EA2F5 /* Resources */ = {
			isa = PBXResourcesBuildPhase;
			buildActionMask = 2147483647;
			files = (
			);
			runOnlyForDeploymentPostprocessing = 0;
		};
/* End PBXResourcesBuildPhase section */

/* Begin PBXSourcesBuildPhase section */
		5F2A5DD424714096001EA2F5 /* Sources */ = {
			isa = PBXSourcesBuildPhase;
			buildActionMask = 2147483647;
			files = (
				5F2A5E142471463C001EA2F5 /* Currency.swift in Sources */,
				5F2A5DE024714096001EA2F5 /* ViewController.swift in Sources */,
				5F2A5E2F24717AF8001EA2F5 /* CheckableRateCell.swift in Sources */,
				5F2A5E222471515C001EA2F5 /* Color.swift in Sources */,
				5F2A5E1C24714803001EA2F5 /* RateCell.swift in Sources */,
				5F2A5E1724714663001EA2F5 /* Date.swift in Sources */,
				5F2A5DDC24714096001EA2F5 /* AppDelegate.swift in Sources */,
				5F2A5E3224718668001EA2F5 /* DetailsController.swift in Sources */,
				5F2A5DE624714096001EA2F5 /* XRates.xcdatamodeld in Sources */,
				5F2A5E2024714C10001EA2F5 /* GetRates.swift in Sources */,
				5F2A5E122471462B001EA2F5 /* Rate.swift in Sources */,
				5F2A5DDE24714096001EA2F5 /* SceneDelegate.swift in Sources */,
				5F2A5E19247146D9001EA2F5 /* JSON.swift in Sources */,
				5F2A5E24247169A6001EA2F5 /* RequestParams.swift in Sources */,
				5F2A5E2A247175B9001EA2F5 /* AddCurrencyController.swift in Sources */,
			);
			runOnlyForDeploymentPostprocessing = 0;
		};
		5F2A5DED24714097001EA2F5 /* Sources */ = {
			isa = PBXSourcesBuildPhase;
			buildActionMask = 2147483647;
			files = (
				5F2A5DF624714097001EA2F5 /* XRatesTests.swift in Sources */,
			);
			runOnlyForDeploymentPostprocessing = 0;
		};
		5F2A5DF824714097001EA2F5 /* Sources */ = {
			isa = PBXSourcesBuildPhase;
			buildActionMask = 2147483647;
			files = (
				5F2A5E0124714097001EA2F5 /* XRatesUITests.swift in Sources */,
			);
			runOnlyForDeploymentPostprocessing = 0;
		};
/* End PBXSourcesBuildPhase section */

/* Begin PBXTargetDependency section */
		5F2A5DF324714097001EA2F5 /* PBXTargetDependency */ = {
			isa = PBXTargetDependency;
			target = 5F2A5DD724714096001EA2F5 /* XRates */;
			targetProxy = 5F2A5DF224714097001EA2F5 /* PBXContainerItemProxy */;
		};
		5F2A5DFE24714097001EA2F5 /* PBXTargetDependency */ = {
			isa = PBXTargetDependency;
			target = 5F2A5DD724714096001EA2F5 /* XRates */;
			targetProxy = 5F2A5DFD24714097001EA2F5 /* PBXContainerItemProxy */;
		};
/* End PBXTargetDependency section */

/* Begin PBXVariantGroup section */
		5F2A5DE124714096001EA2F5 /* Main.storyboard */ = {
			isa = PBXVariantGroup;
			children = (
				5F2A5DE224714096001EA2F5 /* Base */,
			);
			name = Main.storyboard;
			sourceTree = "<group>";
		};
		5F2A5DE924714097001EA2F5 /* LaunchScreen.storyboard */ = {
			isa = PBXVariantGroup;
			children = (
				5F2A5DEA24714097001EA2F5 /* Base */,
			);
			name = LaunchScreen.storyboard;
			sourceTree = "<group>";
		};
/* End PBXVariantGroup section */

/* Begin XCBuildConfiguration section */
		5F2A5E0324714097001EA2F5 /* Debug */ = {
			isa = XCBuildConfiguration;
			buildSettings = {
				ALWAYS_SEARCH_USER_PATHS = NO;
				CLANG_ANALYZER_NONNULL = YES;
				CLANG_ANALYZER_NUMBER_OBJECT_CONVERSION = YES_AGGRESSIVE;
				CLANG_CXX_LANGUAGE_STANDARD = "gnu++14";
				CLANG_CXX_LIBRARY = "libc++";
				CLANG_ENABLE_MODULES = YES;
				CLANG_ENABLE_OBJC_ARC = YES;
				CLANG_ENABLE_OBJC_WEAK = YES;
				CLANG_WARN_BLOCK_CAPTURE_AUTORELEASING = YES;
				CLANG_WARN_BOOL_CONVERSION = YES;
				CLANG_WARN_COMMA = YES;
				CLANG_WARN_CONSTANT_CONVERSION = YES;
				CLANG_WARN_DEPRECATED_OBJC_IMPLEMENTATIONS = YES;
				CLANG_WARN_DIRECT_OBJC_ISA_USAGE = YES_ERROR;
				CLANG_WARN_DOCUMENTATION_COMMENTS = YES;
				CLANG_WARN_EMPTY_BODY = YES;
				CLANG_WARN_ENUM_CONVERSION = YES;
				CLANG_WARN_INFINITE_RECURSION = YES;
				CLANG_WARN_INT_CONVERSION = YES;
				CLANG_WARN_NON_LITERAL_NULL_CONVERSION = YES;
				CLANG_WARN_OBJC_IMPLICIT_RETAIN_SELF = YES;
				CLANG_WARN_OBJC_LITERAL_CONVERSION = YES;
				CLANG_WARN_OBJC_ROOT_CLASS = YES_ERROR;
				CLANG_WARN_RANGE_LOOP_ANALYSIS = YES;
				CLANG_WARN_STRICT_PROTOTYPES = YES;
				CLANG_WARN_SUSPICIOUS_MOVE = YES;
				CLANG_WARN_UNGUARDED_AVAILABILITY = YES_AGGRESSIVE;
				CLANG_WARN_UNREACHABLE_CODE = YES;
				CLANG_WARN__DUPLICATE_METHOD_MATCH = YES;
				COPY_PHASE_STRIP = NO;
				DEBUG_INFORMATION_FORMAT = dwarf;
				ENABLE_STRICT_OBJC_MSGSEND = YES;
				ENABLE_TESTABILITY = YES;
				GCC_C_LANGUAGE_STANDARD = gnu11;
				GCC_DYNAMIC_NO_PIC = NO;
				GCC_NO_COMMON_BLOCKS = YES;
				GCC_OPTIMIZATION_LEVEL = 0;
				GCC_PREPROCESSOR_DEFINITIONS = (
					"DEBUG=1",
					"$(inherited)",
				);
				GCC_WARN_64_TO_32_BIT_CONVERSION = YES;
				GCC_WARN_ABOUT_RETURN_TYPE = YES_ERROR;
				GCC_WARN_UNDECLARED_SELECTOR = YES;
				GCC_WARN_UNINITIALIZED_AUTOS = YES_AGGRESSIVE;
				GCC_WARN_UNUSED_FUNCTION = YES;
				GCC_WARN_UNUSED_VARIABLE = YES;
				IPHONEOS_DEPLOYMENT_TARGET = 13.4;
				MTL_ENABLE_DEBUG_INFO = INCLUDE_SOURCE;
				MTL_FAST_MATH = YES;
				ONLY_ACTIVE_ARCH = YES;
				SDKROOT = iphoneos;
				SWIFT_ACTIVE_COMPILATION_CONDITIONS = DEBUG;
				SWIFT_OPTIMIZATION_LEVEL = "-Onone";
			};
			name = Debug;
		};
		5F2A5E0424714097001EA2F5 /* Release */ = {
			isa = XCBuildConfiguration;
			buildSettings = {
				ALWAYS_SEARCH_USER_PATHS = NO;
				CLANG_ANALYZER_NONNULL = YES;
				CLANG_ANALYZER_NUMBER_OBJECT_CONVERSION = YES_AGGRESSIVE;
				CLANG_CXX_LANGUAGE_STANDARD = "gnu++14";
				CLANG_CXX_LIBRARY = "libc++";
				CLANG_ENABLE_MODULES = YES;
				CLANG_ENABLE_OBJC_ARC = YES;
				CLANG_ENABLE_OBJC_WEAK = YES;
				CLANG_WARN_BLOCK_CAPTURE_AUTORELEASING = YES;
				CLANG_WARN_BOOL_CONVERSION = YES;
				CLANG_WARN_COMMA = YES;
				CLANG_WARN_CONSTANT_CONVERSION = YES;
				CLANG_WARN_DEPRECATED_OBJC_IMPLEMENTATIONS = YES;
				CLANG_WARN_DIRECT_OBJC_ISA_USAGE = YES_ERROR;
				CLANG_WARN_DOCUMENTATION_COMMENTS = YES;
				CLANG_WARN_EMPTY_BODY = YES;
				CLANG_WARN_ENUM_CONVERSION = YES;
				CLANG_WARN_INFINITE_RECURSION = YES;
				CLANG_WARN_INT_CONVERSION = YES;
				CLANG_WARN_NON_LITERAL_NULL_CONVERSION = YES;
				CLANG_WARN_OBJC_IMPLICIT_RETAIN_SELF = YES;
				CLANG_WARN_OBJC_LITERAL_CONVERSION = YES;
				CLANG_WARN_OBJC_ROOT_CLASS = YES_ERROR;
				CLANG_WARN_RANGE_LOOP_ANALYSIS = YES;
				CLANG_WARN_STRICT_PROTOTYPES = YES;
				CLANG_WARN_SUSPICIOUS_MOVE = YES;
				CLANG_WARN_UNGUARDED_AVAILABILITY = YES_AGGRESSIVE;
				CLANG_WARN_UNREACHABLE_CODE = YES;
				CLANG_WARN__DUPLICATE_METHOD_MATCH = YES;
				COPY_PHASE_STRIP = NO;
				DEBUG_INFORMATION_FORMAT = "dwarf-with-dsym";
				ENABLE_NS_ASSERTIONS = NO;
				ENABLE_STRICT_OBJC_MSGSEND = YES;
				GCC_C_LANGUAGE_STANDARD = gnu11;
				GCC_NO_COMMON_BLOCKS = YES;
				GCC_WARN_64_TO_32_BIT_CONVERSION = YES;
				GCC_WARN_ABOUT_RETURN_TYPE = YES_ERROR;
				GCC_WARN_UNDECLARED_SELECTOR = YES;
				GCC_WARN_UNINITIALIZED_AUTOS = YES_AGGRESSIVE;
				GCC_WARN_UNUSED_FUNCTION = YES;
				GCC_WARN_UNUSED_VARIABLE = YES;
				IPHONEOS_DEPLOYMENT_TARGET = 13.4;
				MTL_ENABLE_DEBUG_INFO = NO;
				MTL_FAST_MATH = YES;
				SDKROOT = iphoneos;
				SWIFT_COMPILATION_MODE = wholemodule;
				SWIFT_OPTIMIZATION_LEVEL = "-O";
				VALIDATE_PRODUCT = YES;
			};
			name = Release;
		};
		5F2A5E0624714097001EA2F5 /* Debug */ = {
			isa = XCBuildConfiguration;
			buildSettings = {
				ASSETCATALOG_COMPILER_APPICON_NAME = AppIcon;
				CODE_SIGN_STYLE = Automatic;
				DEVELOPMENT_TEAM = L4D2LQV8ZA;
				INFOPLIST_FILE = XRates/Info.plist;
				LD_RUNPATH_SEARCH_PATHS = (
					"$(inherited)",
					"@executable_path/Frameworks",
				);
				PRODUCT_BUNDLE_IDENTIFIER = nulldef.com.XRates;
				PRODUCT_NAME = "$(TARGET_NAME)";
				SWIFT_VERSION = 5.0;
				TARGETED_DEVICE_FAMILY = "1,2";
			};
			name = Debug;
		};
		5F2A5E0724714097001EA2F5 /* Release */ = {
			isa = XCBuildConfiguration;
			buildSettings = {
				ASSETCATALOG_COMPILER_APPICON_NAME = AppIcon;
				CODE_SIGN_STYLE = Automatic;
				DEVELOPMENT_TEAM = L4D2LQV8ZA;
				INFOPLIST_FILE = XRates/Info.plist;
				LD_RUNPATH_SEARCH_PATHS = (
					"$(inherited)",
					"@executable_path/Frameworks",
				);
				PRODUCT_BUNDLE_IDENTIFIER = nulldef.com.XRates;
				PRODUCT_NAME = "$(TARGET_NAME)";
				SWIFT_VERSION = 5.0;
				TARGETED_DEVICE_FAMILY = "1,2";
			};
			name = Release;
		};
		5F2A5E0924714097001EA2F5 /* Debug */ = {
			isa = XCBuildConfiguration;
			buildSettings = {
				ALWAYS_EMBED_SWIFT_STANDARD_LIBRARIES = YES;
				BUNDLE_LOADER = "$(TEST_HOST)";
				CODE_SIGN_STYLE = Automatic;
				DEVELOPMENT_TEAM = L4D2LQV8ZA;
				INFOPLIST_FILE = XRatesTests/Info.plist;
				IPHONEOS_DEPLOYMENT_TARGET = 13.4;
				LD_RUNPATH_SEARCH_PATHS = (
					"$(inherited)",
					"@executable_path/Frameworks",
					"@loader_path/Frameworks",
				);
				PRODUCT_BUNDLE_IDENTIFIER = nulldef.com.XRatesTests;
				PRODUCT_NAME = "$(TARGET_NAME)";
				SWIFT_VERSION = 5.0;
				TARGETED_DEVICE_FAMILY = "1,2";
				TEST_HOST = "$(BUILT_PRODUCTS_DIR)/XRates.app/XRates";
			};
			name = Debug;
		};
		5F2A5E0A24714097001EA2F5 /* Release */ = {
			isa = XCBuildConfiguration;
			buildSettings = {
				ALWAYS_EMBED_SWIFT_STANDARD_LIBRARIES = YES;
				BUNDLE_LOADER = "$(TEST_HOST)";
				CODE_SIGN_STYLE = Automatic;
				DEVELOPMENT_TEAM = L4D2LQV8ZA;
				INFOPLIST_FILE = XRatesTests/Info.plist;
				IPHONEOS_DEPLOYMENT_TARGET = 13.4;
				LD_RUNPATH_SEARCH_PATHS = (
					"$(inherited)",
					"@executable_path/Frameworks",
					"@loader_path/Frameworks",
				);
				PRODUCT_BUNDLE_IDENTIFIER = nulldef.com.XRatesTests;
				PRODUCT_NAME = "$(TARGET_NAME)";
				SWIFT_VERSION = 5.0;
				TARGETED_DEVICE_FAMILY = "1,2";
				TEST_HOST = "$(BUILT_PRODUCTS_DIR)/XRates.app/XRates";
			};
			name = Release;
		};
		5F2A5E0C24714097001EA2F5 /* Debug */ = {
			isa = XCBuildConfiguration;
			buildSettings = {
				ALWAYS_EMBED_SWIFT_STANDARD_LIBRARIES = YES;
				CODE_SIGN_STYLE = Automatic;
				DEVELOPMENT_TEAM = L4D2LQV8ZA;
				INFOPLIST_FILE = XRatesUITests/Info.plist;
				LD_RUNPATH_SEARCH_PATHS = (
					"$(inherited)",
					"@executable_path/Frameworks",
					"@loader_path/Frameworks",
				);
				PRODUCT_BUNDLE_IDENTIFIER = nulldef.com.XRatesUITests;
				PRODUCT_NAME = "$(TARGET_NAME)";
				SWIFT_VERSION = 5.0;
				TARGETED_DEVICE_FAMILY = "1,2";
				TEST_TARGET_NAME = XRates;
			};
			name = Debug;
		};
		5F2A5E0D24714097001EA2F5 /* Release */ = {
			isa = XCBuildConfiguration;
			buildSettings = {
				ALWAYS_EMBED_SWIFT_STANDARD_LIBRARIES = YES;
				CODE_SIGN_STYLE = Automatic;
				DEVELOPMENT_TEAM = L4D2LQV8ZA;
				INFOPLIST_FILE = XRatesUITests/Info.plist;
				LD_RUNPATH_SEARCH_PATHS = (
					"$(inherited)",
					"@executable_path/Frameworks",
					"@loader_path/Frameworks",
				);
				PRODUCT_BUNDLE_IDENTIFIER = nulldef.com.XRatesUITests;
				PRODUCT_NAME = "$(TARGET_NAME)";
				SWIFT_VERSION = 5.0;
				TARGETED_DEVICE_FAMILY = "1,2";
				TEST_TARGET_NAME = XRates;
			};
			name = Release;
		};
/* End XCBuildConfiguration section */

/* Begin XCConfigurationList section */
		5F2A5DD324714096001EA2F5 /* Build configuration list for PBXProject "XRates" */ = {
			isa = XCConfigurationList;
			buildConfigurations = (
				5F2A5E0324714097001EA2F5 /* Debug */,
				5F2A5E0424714097001EA2F5 /* Release */,
			);
			defaultConfigurationIsVisible = 0;
			defaultConfigurationName = Release;
		};
		5F2A5E0524714097001EA2F5 /* Build configuration list for PBXNativeTarget "XRates" */ = {
			isa = XCConfigurationList;
			buildConfigurations = (
				5F2A5E0624714097001EA2F5 /* Debug */,
				5F2A5E0724714097001EA2F5 /* Release */,
			);
			defaultConfigurationIsVisible = 0;
			defaultConfigurationName = Release;
		};
		5F2A5E0824714097001EA2F5 /* Build configuration list for PBXNativeTarget "XRatesTests" */ = {
			isa = XCConfigurationList;
			buildConfigurations = (
				5F2A5E0924714097001EA2F5 /* Debug */,
				5F2A5E0A24714097001EA2F5 /* Release */,
			);
			defaultConfigurationIsVisible = 0;
			defaultConfigurationName = Release;
		};
		5F2A5E0B24714097001EA2F5 /* Build configuration list for PBXNativeTarget "XRatesUITests" */ = {
			isa = XCConfigurationList;
			buildConfigurations = (
				5F2A5E0C24714097001EA2F5 /* Debug */,
				5F2A5E0D24714097001EA2F5 /* Release */,
			);
			defaultConfigurationIsVisible = 0;
			defaultConfigurationName = Release;
		};
/* End XCConfigurationList section */

/* Begin XCVersionGroup section */
		5F2A5DE424714096001EA2F5 /* XRates.xcdatamodeld */ = {
			isa = XCVersionGroup;
			children = (
				5F2A5DE524714096001EA2F5 /* XRates.xcdatamodel */,
			);
			currentVersion = 5F2A5DE524714096001EA2F5 /* XRates.xcdatamodel */;
			path = XRates.xcdatamodeld;
			sourceTree = "<group>";
			versionGroupType = wrapper.xcdatamodel;
		};
/* End XCVersionGroup section */
	};
	rootObject = 5F2A5DD024714096001EA2F5 /* Project object */;
}
